#MicroXplorer Configuration settings - do not modify
Mcu.Family=STM32F7
ProjectManager.MainLocation=Core/Src
NVIC.CAN1_RX1_IRQn=true\:5\:0\:false\:false\:true\:true\:true\:true
RCC.USART1Freq_Value=96000000
VP_SYS_VS_tim6.Mode=TIM6
RCC.SAI1Freq_Value=192000000
RCC.CortexFreq_Value=96000000
PG6.PinState=GPIO_PIN_SET
PG6.Signal=GPIO_Output
NVIC.CAN2_RX0_IRQn=true\:5\:0\:false\:false\:true\:true\:true\:true
ProjectManager.KeepUserCode=true
Mcu.UserName=STM32F767ZITx
NVIC.TIM6_DAC_IRQn=true\:0\:0\:false\:false\:true\:false\:false\:true
CAN1.AWUM=ENABLE
CAN2.CalculateTimeBit=1000.00
PG6.Locked=true
RCC.PLLCLKFreq_Value=96000000
RCC.PLLQCLKFreq_Value=48000000
ProjectManager.functionlistsort=1-MX_GPIO_Init-GPIO-false-HAL-true,2-SystemClock_Config-RCC-false-HAL-false,3-MX_CAN1_Init-CAN1-false-HAL-true,4-MX_CAN2_Init-CAN2-false-HAL-true,5-MX_FATFS_Init-FATFS-false-HAL-false,6-MX_USB_HOST_Init-USB_HOST-false-HAL-false,0-MX_CORTEX_M7_Init-CORTEX_M7-false-HAL-true
PA11.Mode=Host_Only
RCC.PLLI2SRCLKFreq_Value=192000000
RCC.USART2Freq_Value=48000000
PinOutPanel.RotationAngle=0
RCC.SYSCLKSource=RCC_SYSCLKSOURCE_PLLCLK
ProjectManager.StackSize=0x400
RCC.I2C3Freq_Value=48000000
RCC.LPTIM1Freq_Value=48000000
Mcu.IP4=FREERTOS
Mcu.IP5=NVIC
RCC.FCLKCortexFreq_Value=96000000
Mcu.IP2=CORTEX_M7
NVIC.SVCall_IRQn=true\:0\:0\:false\:false\:false\:false\:false\:false
Mcu.IP3=FATFS
Mcu.IP0=CAN1
Mcu.IP1=CAN2
PA12.Signal=USB_OTG_FS_DP
Mcu.UserConstants=
RCC.LCDTFTFreq_Value=96000000
RCC.SDMMCFreq_Value=96000000
Mcu.ThirdPartyNb=0
PH0/OSC_IN.Mode=HSE-External-Oscillator
RCC.HCLKFreq_Value=96000000
RCC.I2C4Freq_Value=48000000
Mcu.IPNb=10
RCC.PLLI2SRoutputFreq_Value=192000000
ProjectManager.PreviousToolchain=
RCC.APB2TimFreq_Value=96000000
PB6.Signal=CAN2_TX
RCC.SPDIFRXFreq_Value=192000000
PH1/OSC_OUT.Signal=RCC_OSC_OUT
PB6.Mode=CAN_Activate
Mcu.Pin6=PA11
RCC.SAI2Freq_Value=192000000
Mcu.Pin7=PA12
Mcu.Pin8=PB5
Mcu.Pin9=PB6
RCC.VCOSAIOutputFreq_Value=384000000
FREERTOS.IPParameters=Tasks01,FootprintOK
RCC.AHBFreq_Value=96000000
Mcu.Pin0=PH0/OSC_IN
Mcu.Pin1=PH1/OSC_OUT
GPIO.groupedBy=Group By Peripherals
Mcu.Pin2=PB14
Mcu.Pin3=PD9
RCC.USART3Freq_Value=48000000
Mcu.Pin4=PG6
Mcu.Pin5=PA9
RCC.PLLSAIRCLKFreq_Value=192000000
ProjectManager.ProjectBuild=false
RCC.HSE_VALUE=8000000
NVIC.UsageFault_IRQn=true\:0\:0\:false\:false\:true\:false\:false\:false
NVIC.DebugMonitor_IRQn=true\:0\:0\:false\:false\:true\:false\:false\:false
USB_OTG_FS.phy_itface=HCD_PHY_EMBEDDED
NVIC.SysTick_IRQn=true\:15\:0\:false\:false\:false\:true\:false\:true
ProjectManager.FirmwarePackage=STM32Cube FW_F7 V1.16.1
MxDb.Version=DB.6.0.20
ProjectManager.BackupPrevious=false
RCC.VCOInputFreq_Value=2000000
CAN2.Prescaler=6
PB5.Mode=CAN_Activate
File.Version=6
PB8.Locked=true
USB_HOST.USBH_PROCESS_STACK_SIZE-MSC_FS=512
PB6.Locked=true
NVIC.PendSV_IRQn=true\:15\:0\:false\:false\:false\:true\:false\:false
VP_FREERTOS_VS_CMSIS_V1.Mode=CMSIS_V1
PH1/OSC_OUT.Mode=HSE-External-Oscillator
ProjectManager.HalAssertFull=false
ProjectManager.ProjectName=Data_Logging_Module
RCC.MCO2PinFreq_Value=96000000
CAN1.Prescaler=6
Mcu.Package=LQFP144
PB9.Signal=CAN1_TX
NVIC.TimeBase=TIM6_DAC_IRQn
CAN2.BS1=CAN_BS1_6TQ
CAN2.BS2=CAN_BS2_1TQ
NVIC.OTG_FS_IRQn=true\:5\:0\:false\:false\:true\:true\:false\:true
ProjectManager.ToolChainLocation=
RCC.LSI_VALUE=32000
NVIC.TimeBaseIP=TIM6
FREERTOS.FootprintOK=true
USB_OTG_FS.VirtualMode=Host_Only
RCC.DFSDMFreq_Value=96000000
PB14.GPIOParameters=PinState
VP_FATFS_VS_USB.Signal=FATFS_VS_USB
RCC.CECFreq_Value=32786.88524590164
RCC.APB1TimFreq_Value=96000000
NVIC.BusFault_IRQn=true\:0\:0\:false\:false\:true\:false\:false\:false
USB_OTG_FS.IPParameters=VirtualMode,phy_itface
RCC.DFSDMAudioFreq_Value=192000000
CAN1.CalculateTimeBit=1000.00
ProjectManager.CustomerFirmwarePackage=
RCC.PLLSAIQCLKFreq_Value=192000000
CAN1.CalculateTimeQuantum=125.0
USB_HOST.USBH_PROCESS_PRIO-MSC_FS=osPriorityNormal
RCC.I2SFreq_Value=192000000
CAN2.CalculateBaudRate=1000000
USB_HOST.IPParameters=USBH_HandleTypeDef-MSC_FS,VirtualModeFS,USBH_PROCESS_PRIO-MSC_FS,USBH_PROCESS_STACK_SIZE-MSC_FS
RCC.PLLQoutputFreq_Value=48000000
ProjectManager.ProjectFileName=Data_Logging_Module.ioc
CAN2.AWUM=ENABLE
FREERTOS.Tasks01=can_loop_task,2,128,can_loop,Default,NULL,Dynamic,NULL,NULL;dlm_main_loop,1,128,dlm_main,Default,NULL,Dynamic,NULL,NULL
RCC.UART7Freq_Value=48000000
Mcu.PinsNb=16
ProjectManager.NoMain=false
NVIC.SavedSvcallIrqHandlerGenerated=true
CAN1.IPParameters=CalculateTimeQuantum,CalculateTimeBit,CalculateBaudRate,BS1,Prescaler,BS2,ABOM,AWUM
RCC.PLLRFreq_Value=96000000
VP_USB_HOST_VS_USB_HOST_MSC_FS.Mode=MSC_FS
CAN1.CalculateBaudRate=1000000
CAN2.IPParameters=CalculateTimeQuantum,CalculateTimeBit,CalculateBaudRate,Prescaler,BS1,ABOM,AWUM,BS2
ProjectManager.DefaultFWLocation=true
PD9.Signal=GPIO_Output
ProjectManager.DeletePrevious=true
RCC.UART8Freq_Value=48000000
PB14.Locked=true
RCC.APB1CLKDivider=RCC_HCLK_DIV2
NVIC.CAN2_RX1_IRQn=true\:5\:0\:false\:false\:true\:true\:true\:true
USB_HOST.USBH_HandleTypeDef-MSC_FS=hUsbHostFS
RCC.FamilyName=M
FATFS.IPParameters=_MAX_SS
VP_FREERTOS_VS_CMSIS_V1.Signal=FREERTOS_VS_CMSIS_V1
PA9.Mode=Activate_VBUS
PB14.PinState=GPIO_PIN_RESET
CAN1.BS2=CAN_BS2_1TQ
CAN1.BS1=CAN_BS1_6TQ
ProjectManager.TargetToolchain=STM32CubeIDE
RCC.USART6Freq_Value=96000000
PB9.Mode=CAN_Activate
PA9.Signal=USB_OTG_FS_VBUS
PB5.Locked=true
PB9.Locked=true
ProjectManager.RegisterCallBack=
RCC.USBFreq_Value=48000000
RCC.PLLSAIoutputFreq_Value=192000000
RCC.LSE_VALUE=32768
CAN1.ABOM=ENABLE
RCC.VCOI2SOutputFreq_Value=384000000
PG6.GPIOParameters=PinState
PB14.Signal=GPIO_Output
RCC.PLLSAIPCLKFreq_Value=192000000
board=custom
RCC.VCOOutputFreq_Value=192000000
ProjectManager.LastFirmware=true
USB_HOST.VirtualModeFS=Msc
PH0/OSC_IN.Signal=RCC_OSC_IN
VP_SYS_VS_tim6.Signal=SYS_VS_tim6
NVIC.SavedSystickIrqHandlerGenerated=true
RCC.APB2Freq_Value=96000000
RCC.UART4Freq_Value=48000000
MxCube.Version=6.2.0
RCC.I2C1Freq_Value=48000000
RCC.PLLI2SPCLKFreq_Value=192000000
RCC.RNGFreq_Value=48000000
RCC.EthernetFreq_Value=96000000
CAN2.CalculateTimeQuantum=125.0
CAN2.ABOM=ENABLE
NVIC.NonMaskableInt_IRQn=true\:0\:0\:false\:false\:true\:false\:false\:false
RCC.UART5Freq_Value=48000000
ProjectManager.FreePins=false
RCC.IPParameters=AHBFreq_Value,APB1CLKDivider,APB1Freq_Value,APB1TimFreq_Value,APB2Freq_Value,APB2TimFreq_Value,CECFreq_Value,CortexFreq_Value,DFSDMAudioFreq_Value,DFSDMFreq_Value,EthernetFreq_Value,FCLKCortexFreq_Value,FamilyName,HCLKFreq_Value,HSE_VALUE,HSI_VALUE,I2C1Freq_Value,I2C2Freq_Value,I2C3Freq_Value,I2C4Freq_Value,I2SFreq_Value,LCDTFTFreq_Value,LPTIM1Freq_Value,LSE_VALUE,LSI_VALUE,MCO2PinFreq_Value,PLLCLKFreq_Value,PLLI2SPCLKFreq_Value,PLLI2SQCLKFreq_Value,PLLI2SRCLKFreq_Value,PLLI2SRoutputFreq_Value,PLLM,PLLN,PLLQ,PLLQCLKFreq_Value,PLLQoutputFreq_Value,PLLRFreq_Value,PLLSAIPCLKFreq_Value,PLLSAIQCLKFreq_Value,PLLSAIRCLKFreq_Value,PLLSAIoutputFreq_Value,RNGFreq_Value,SAI1Freq_Value,SAI2Freq_Value,SDMMC2Freq_Value,SDMMCFreq_Value,SPDIFRXFreq_Value,SYSCLKFreq_VALUE,SYSCLKSource,UART4Freq_Value,UART5Freq_Value,UART7Freq_Value,UART8Freq_Value,USART1Freq_Value,USART2Freq_Value,USART3Freq_Value,USART6Freq_Value,USBFreq_Value,VCOI2SOutputFreq_Value,VCOInputFreq_Value,VCOOutputFreq_Value,VCOSAIOutputFreq_Value
ProjectManager.AskForMigrate=true
Mcu.Name=STM32F767ZITx
RCC.PLLI2SQCLKFreq_Value=192000000
NVIC.SavedPendsvIrqHandlerGenerated=true
ProjectManager.UnderRoot=true
FATFS._MAX_SS=4096
Mcu.IP8=USB_HOST
Mcu.IP9=USB_OTG_FS
Mcu.IP6=RCC
Mcu.IP7=SYS
ProjectManager.CoupleFile=false
RCC.SYSCLKFreq_VALUE=96000000
PB5.Signal=CAN2_RX
PA12.Mode=Host_Only
NVIC.ForceEnableDMAVector=true
KeepUserPlacement=false
NVIC.MemoryManagement_IRQn=true\:0\:0\:false\:false\:true\:false\:false\:false
ProjectManager.CompilerOptimize=6
PA11.Signal=USB_OTG_FS_DM
ProjectManager.HeapSize=0x200
Mcu.Pin15=VP_USB_HOST_VS_USB_HOST_MSC_FS
NVIC.HardFault_IRQn=true\:0\:0\:false\:false\:true\:false\:false\:false
Mcu.Pin13=VP_FREERTOS_VS_CMSIS_V1
Mcu.Pin14=VP_SYS_VS_tim6
VP_FATFS_VS_USB.Mode=USB
ProjectManager.ComputerToolchain=false
RCC.HSI_VALUE=16000000
RCC.PLLQ=4
NVIC.PriorityGroup=NVIC_PRIORITYGROUP_4
VP_USB_HOST_VS_USB_HOST_MSC_FS.Signal=USB_HOST_VS_USB_HOST_MSC_FS
Mcu.Pin11=PB9
Mcu.Pin12=VP_FATFS_VS_USB
RCC.PLLM=4
PB8.Mode=CAN_Activate
RCC.PLLN=96
Mcu.Pin10=PB8
PB8.Signal=CAN1_RX
RCC.I2C2Freq_Value=48000000
PD9.Locked=true
RCC.APB1Freq_Value=48000000
RCC.SDMMC2Freq_Value=96000000
ProjectManager.DeviceId=STM32F767ZITx
ProjectManager.LibraryCopy=1
NVIC.CAN1_RX0_IRQn=true\:5\:0\:false\:false\:true\:true\:true\:true
isbadioc=false
